// !$*UTF8*$!
{
	archiveVersion = 1;
	classes = {
	};
	objectVersion = 50;
	objects = {

/* Begin PBXBuildFile section */
		3D10655628E1EDB700A81EDA /* CeldaPeliculaController.swift in Sources */ = {isa = PBXBuildFile; fileRef = 3D10655528E1EDB700A81EDA /* CeldaPeliculaController.swift */; };
		3D10655828E1FD3C00A81EDA /* DetallesPeliculaController.swift in Sources */ = {isa = PBXBuildFile; fileRef = 3D10655728E1FD3C00A81EDA /* DetallesPeliculaController.swift */; };
		3DAFB0CC28DDF7FB00AFA60C /* AppDelegate.swift in Sources */ = {isa = PBXBuildFile; fileRef = 3DAFB0CB28DDF7FB00AFA60C /* AppDelegate.swift */; };
		3DAFB0CE28DDF7FB00AFA60C /* SceneDelegate.swift in Sources */ = {isa = PBXBuildFile; fileRef = 3DAFB0CD28DDF7FB00AFA60C /* SceneDelegate.swift */; };
		3DAFB0D028DDF7FB00AFA60C /* PeliculasController.swift in Sources */ = {isa = PBXBuildFile; fileRef = 3DAFB0CF28DDF7FB00AFA60C /* PeliculasController.swift */; };
		3DAFB0D328DDF7FB00AFA60C /* Main.storyboard in Resources */ = {isa = PBXBuildFile; fileRef = 3DAFB0D128DDF7FB00AFA60C /* Main.storyboard */; };
		3DAFB0D528DDF80400AFA60C /* Assets.xcassets in Resources */ = {isa = PBXBuildFile; fileRef = 3DAFB0D428DDF80400AFA60C /* Assets.xcassets */; };
		3DAFB0D828DDF80400AFA60C /* LaunchScreen.storyboard in Resources */ = {isa = PBXBuildFile; fileRef = 3DAFB0D628DDF80400AFA60C /* LaunchScreen.storyboard */; };
		3DAFB0E328DDF80400AFA60C /* table_viewTests.swift in Sources */ = {isa = PBXBuildFile; fileRef = 3DAFB0E228DDF80400AFA60C /* table_viewTests.swift */; };
		3DAFB0EE28DDF80400AFA60C /* table_viewUITests.swift in Sources */ = {isa = PBXBuildFile; fileRef = 3DAFB0ED28DDF80400AFA60C /* table_viewUITests.swift */; };
		3DAFB0FC28DDFAF700AFA60C /* Pelicula.swift in Sources */ = {isa = PBXBuildFile; fileRef = 3DAFB0FB28DDFAF700AFA60C /* Pelicula.swift */; };
		3DC49C7E28E4985100E466E3 /* Personaje.swift in Sources */ = {isa = PBXBuildFile; fileRef = 3DC49C7D28E4985100E466E3 /* Personaje.swift */; };
		3DC49C8128E4998200E466E3 /* CeldaPersonajesController.swift in Sources */ = {isa = PBXBuildFile; fileRef = 3DC49C8028E4998200E466E3 /* CeldaPersonajesController.swift */; };
/* End PBXBuildFile section */

/* Begin PBXContainerItemProxy section */
		3DAFB0DF28DDF80400AFA60C /* PBXContainerItemProxy */ = {
			isa = PBXContainerItemProxy;
			containerPortal = 3DAFB0C028DDF7FB00AFA60C /* Project object */;
			proxyType = 1;
			remoteGlobalIDString = 3DAFB0C728DDF7FB00AFA60C;
			remoteInfo = "table view";
		};
		3DAFB0EA28DDF80400AFA60C /* PBXContainerItemProxy */ = {
			isa = PBXContainerItemProxy;
			containerPortal = 3DAFB0C028DDF7FB00AFA60C /* Project object */;
			proxyType = 1;
			remoteGlobalIDString = 3DAFB0C728DDF7FB00AFA60C;
			remoteInfo = "table view";
		};
/* End PBXContainerItemProxy section */

/* Begin PBXFileReference section */
		3D10655528E1EDB700A81EDA /* CeldaPeliculaController.swift */ = {isa = PBXFileReference; lastKnownFileType = sourcecode.swift; path = CeldaPeliculaController.swift; sourceTree = "<group>"; };
		3D10655728E1FD3C00A81EDA /* DetallesPeliculaController.swift */ = {isa = PBXFileReference; lastKnownFileType = sourcecode.swift; path = DetallesPeliculaController.swift; sourceTree = "<group>"; };
		3DAFB0C828DDF7FB00AFA60C /* table view.app */ = {isa = PBXFileReference; explicitFileType = wrapper.application; includeInIndex = 0; path = "table view.app"; sourceTree = BUILT_PRODUCTS_DIR; };
		3DAFB0CB28DDF7FB00AFA60C /* AppDelegate.swift */ = {isa = PBXFileReference; lastKnownFileType = sourcecode.swift; path = AppDelegate.swift; sourceTree = "<group>"; };
		3DAFB0CD28DDF7FB00AFA60C /* SceneDelegate.swift */ = {isa = PBXFileReference; lastKnownFileType = sourcecode.swift; path = SceneDelegate.swift; sourceTree = "<group>"; };
		3DAFB0CF28DDF7FB00AFA60C /* PeliculasController.swift */ = {isa = PBXFileReference; lastKnownFileType = sourcecode.swift; path = PeliculasController.swift; sourceTree = "<group>"; };
		3DAFB0D228DDF7FB00AFA60C /* Base */ = {isa = PBXFileReference; lastKnownFileType = file.storyboard; name = Base; path = Base.lproj/Main.storyboard; sourceTree = "<group>"; };
		3DAFB0D428DDF80400AFA60C /* Assets.xcassets */ = {isa = PBXFileReference; lastKnownFileType = folder.assetcatalog; path = Assets.xcassets; sourceTree = "<group>"; };
		3DAFB0D728DDF80400AFA60C /* Base */ = {isa = PBXFileReference; lastKnownFileType = file.storyboard; name = Base; path = Base.lproj/LaunchScreen.storyboard; sourceTree = "<group>"; };
		3DAFB0D928DDF80400AFA60C /* Info.plist */ = {isa = PBXFileReference; lastKnownFileType = text.plist.xml; path = Info.plist; sourceTree = "<group>"; };
		3DAFB0DE28DDF80400AFA60C /* table viewTests.xctest */ = {isa = PBXFileReference; explicitFileType = wrapper.cfbundle; includeInIndex = 0; path = "table viewTests.xctest"; sourceTree = BUILT_PRODUCTS_DIR; };
		3DAFB0E228DDF80400AFA60C /* table_viewTests.swift */ = {isa = PBXFileReference; lastKnownFileType = sourcecode.swift; path = table_viewTests.swift; sourceTree = "<group>"; };
		3DAFB0E428DDF80400AFA60C /* Info.plist */ = {isa = PBXFileReference; lastKnownFileType = text.plist.xml; path = Info.plist; sourceTree = "<group>"; };
		3DAFB0E928DDF80400AFA60C /* table viewUITests.xctest */ = {isa = PBXFileReference; explicitFileType = wrapper.cfbundle; includeInIndex = 0; path = "table viewUITests.xctest"; sourceTree = BUILT_PRODUCTS_DIR; };
		3DAFB0ED28DDF80400AFA60C /* table_viewUITests.swift */ = {isa = PBXFileReference; lastKnownFileType = sourcecode.swift; path = table_viewUITests.swift; sourceTree = "<group>"; };
		3DAFB0EF28DDF80400AFA60C /* Info.plist */ = {isa = PBXFileReference; lastKnownFileType = text.plist.xml; path = Info.plist; sourceTree = "<group>"; };
		3DAFB0FB28DDFAF700AFA60C /* Pelicula.swift */ = {isa = PBXFileReference; lastKnownFileType = sourcecode.swift; path = Pelicula.swift; sourceTree = "<group>"; };
		3DC49C7D28E4985100E466E3 /* Personaje.swift */ = {isa = PBXFileReference; lastKnownFileType = sourcecode.swift; path = Personaje.swift; sourceTree = "<group>"; };
		3DC49C8028E4998200E466E3 /* CeldaPersonajesController.swift */ = {isa = PBXFileReference; lastKnownFileType = sourcecode.swift; path = CeldaPersonajesController.swift; sourceTree = "<group>"; };
/* End PBXFileReference section */

/* Begin PBXFrameworksBuildPhase section */
		3DAFB0C528DDF7FB00AFA60C /* Frameworks */ = {
			isa = PBXFrameworksBuildPhase;
			buildActionMask = 2147483647;
			files = (
			);
			runOnlyForDeploymentPostprocessing = 0;
		};
		3DAFB0DB28DDF80400AFA60C /* Frameworks */ = {
			isa = PBXFrameworksBuildPhase;
			buildActionMask = 2147483647;
			files = (
			);
			runOnlyForDeploymentPostprocessing = 0;
		};
		3DAFB0E628DDF80400AFA60C /* Frameworks */ = {
			isa = PBXFrameworksBuildPhase;
			buildActionMask = 2147483647;
			files = (
			);
			runOnlyForDeploymentPostprocessing = 0;
		};
/* End PBXFrameworksBuildPhase section */

/* Begin PBXGroup section */
		3DAFB0BF28DDF7FB00AFA60C = {
			isa = PBXGroup;
			children = (
				3DAFB0CA28DDF7FB00AFA60C /* table view */,
				3DAFB0E128DDF80400AFA60C /* table viewTests */,
				3DAFB0EC28DDF80400AFA60C /* table viewUITests */,
				3DAFB0C928DDF7FB00AFA60C /* Products */,
			);
			sourceTree = "<group>";
		};
		3DAFB0C928DDF7FB00AFA60C /* Products */ = {
			isa = PBXGroup;
			children = (
				3DAFB0C828DDF7FB00AFA60C /* table view.app */,
				3DAFB0DE28DDF80400AFA60C /* table viewTests.xctest */,
				3DAFB0E928DDF80400AFA60C /* table viewUITests.xctest */,
			);
			name = Products;
			sourceTree = "<group>";
		};
		3DAFB0CA28DDF7FB00AFA60C /* table view */ = {
			isa = PBXGroup;
			children = (
				3DAFB10428DE0AB500AFA60C /* Recursos */,
				3DAFB10228DE0A7B00AFA60C /* App */,
				3DAFB10628DE0AE100AFA60C /* Vistas */,
				3DAFB10328DE0A9800AFA60C /* Controladores */,
				3DAFB10528DE0ACB00AFA60C /* Modelos */,
			);
			path = "table view";
			sourceTree = "<group>";
		};
		3DAFB0E128DDF80400AFA60C /* table viewTests */ = {
			isa = PBXGroup;
			children = (
				3DAFB0E228DDF80400AFA60C /* table_viewTests.swift */,
				3DAFB0E428DDF80400AFA60C /* Info.plist */,
			);
			path = "table viewTests";
			sourceTree = "<group>";
		};
		3DAFB0EC28DDF80400AFA60C /* table viewUITests */ = {
			isa = PBXGroup;
			children = (
				3DAFB0ED28DDF80400AFA60C /* table_viewUITests.swift */,
				3DAFB0EF28DDF80400AFA60C /* Info.plist */,
			);
			path = "table viewUITests";
			sourceTree = "<group>";
		};
		3DAFB10228DE0A7B00AFA60C /* App */ = {
			isa = PBXGroup;
			children = (
				3DAFB0D928DDF80400AFA60C /* Info.plist */,
				3DAFB0CB28DDF7FB00AFA60C /* AppDelegate.swift */,
				3DAFB0CD28DDF7FB00AFA60C /* SceneDelegate.swift */,
			);
			name = App;
			sourceTree = "<group>";
		};
		3DAFB10328DE0A9800AFA60C /* Controladores */ = {
			isa = PBXGroup;
			children = (
				3D10655528E1EDB700A81EDA /* CeldaPeliculaController.swift */,
				3DC49C8028E4998200E466E3 /* CeldaPersonajesController.swift */,
				3DAFB0CF28DDF7FB00AFA60C /* PeliculasController.swift */,
				3D10655728E1FD3C00A81EDA /* DetallesPeliculaController.swift */,
			);
			name = Controladores;
			sourceTree = "<group>";
		};
		3DAFB10428DE0AB500AFA60C /* Recursos */ = {
			isa = PBXGroup;
			children = (
				3DAFB0D428DDF80400AFA60C /* Assets.xcassets */,
			);
			name = Recursos;
			sourceTree = "<group>";
		};
		3DAFB10528DE0ACB00AFA60C /* Modelos */ = {
			isa = PBXGroup;
			children = (
				3DAFB0FB28DDFAF700AFA60C /* Pelicula.swift */,
				3DC49C7D28E4985100E466E3 /* Personaje.swift */,
			);
			name = Modelos;
			sourceTree = "<group>";
		};
		3DAFB10628DE0AE100AFA60C /* Vistas */ = {
			isa = PBXGroup;
			children = (
				3DAFB0D128DDF7FB00AFA60C /* Main.storyboard */,
				3DAFB0D628DDF80400AFA60C /* LaunchScreen.storyboard */,
			);
			name = Vistas;
			sourceTree = "<group>";
		};
/* End PBXGroup section */

/* Begin PBXNativeTarget section */
		3DAFB0C728DDF7FB00AFA60C /* table view */ = {
			isa = PBXNativeTarget;
			buildConfigurationList = 3DAFB0F228DDF80400AFA60C /* Build configuration list for PBXNativeTarget "table view" */;
			buildPhases = (
				3DAFB0C428DDF7FB00AFA60C /* Sources */,
				3DAFB0C528DDF7FB00AFA60C /* Frameworks */,
				3DAFB0C628DDF7FB00AFA60C /* Resources */,
			);
			buildRules = (
			);
			dependencies = (
			);
			name = "table view";
			productName = "table view";
			productReference = 3DAFB0C828DDF7FB00AFA60C /* table view.app */;
			productType = "com.apple.product-type.application";
		};
		3DAFB0DD28DDF80400AFA60C /* table viewTests */ = {
			isa = PBXNativeTarget;
			buildConfigurationList = 3DAFB0F528DDF80400AFA60C /* Build configuration list for PBXNativeTarget "table viewTests" */;
			buildPhases = (
				3DAFB0DA28DDF80400AFA60C /* Sources */,
				3DAFB0DB28DDF80400AFA60C /* Frameworks */,
				3DAFB0DC28DDF80400AFA60C /* Resources */,
			);
			buildRules = (
			);
			dependencies = (
				3DAFB0E028DDF80400AFA60C /* PBXTargetDependency */,
			);
			name = "table viewTests";
			productName = "table viewTests";
			productReference = 3DAFB0DE28DDF80400AFA60C /* table viewTests.xctest */;
			productType = "com.apple.product-type.bundle.unit-test";
		};
		3DAFB0E828DDF80400AFA60C /* table viewUITests */ = {
			isa = PBXNativeTarget;
			buildConfigurationList = 3DAFB0F828DDF80400AFA60C /* Build configuration list for PBXNativeTarget "table viewUITests" */;
			buildPhases = (
				3DAFB0E528DDF80400AFA60C /* Sources */,
				3DAFB0E628DDF80400AFA60C /* Frameworks */,
				3DAFB0E728DDF80400AFA60C /* Resources */,
			);
			buildRules = (
			);
			dependencies = (
				3DAFB0EB28DDF80400AFA60C /* PBXTargetDependency */,
			);
			name = "table viewUITests";
			productName = "table viewUITests";
			productReference = 3DAFB0E928DDF80400AFA60C /* table viewUITests.xctest */;
			productType = "com.apple.product-type.bundle.ui-testing";
		};
/* End PBXNativeTarget section */

/* Begin PBXProject section */
		3DAFB0C028DDF7FB00AFA60C /* Project object */ = {
			isa = PBXProject;
			attributes = {
				LastSwiftUpdateCheck = 1130;
				LastUpgradeCheck = 1130;
				ORGANIZATIONNAME = Alumno;
				TargetAttributes = {
					3DAFB0C728DDF7FB00AFA60C = {
						CreatedOnToolsVersion = 11.3.1;
					};
					3DAFB0DD28DDF80400AFA60C = {
						CreatedOnToolsVersion = 11.3.1;
						TestTargetID = 3DAFB0C728DDF7FB00AFA60C;
					};
					3DAFB0E828DDF80400AFA60C = {
						CreatedOnToolsVersion = 11.3.1;
						TestTargetID = 3DAFB0C728DDF7FB00AFA60C;
					};
				};
			};
			buildConfigurationList = 3DAFB0C328DDF7FB00AFA60C /* Build configuration list for PBXProject "table view" */;
			compatibilityVersion = "Xcode 9.3";
			developmentRegion = en;
			hasScannedForEncodings = 0;
			knownRegions = (
				en,
				Base,
			);
			mainGroup = 3DAFB0BF28DDF7FB00AFA60C;
			productRefGroup = 3DAFB0C928DDF7FB00AFA60C /* Products */;
			projectDirPath = "";
			projectRoot = "";
			targets = (
				3DAFB0C728DDF7FB00AFA60C /* table view */,
				3DAFB0DD28DDF80400AFA60C /* table viewTests */,
				3DAFB0E828DDF80400AFA60C /* table viewUITests */,
			);
		};
/* End PBXProject section */

/* Begin PBXResourcesBuildPhase section */
		3DAFB0C628DDF7FB00AFA60C /* Resources */ = {
			isa = PBXResourcesBuildPhase;
			buildActionMask = 2147483647;
			files = (
				3DAFB0D828DDF80400AFA60C /* LaunchScreen.storyboard in Resources */,
				3DAFB0D528DDF80400AFA60C /* Assets.xcassets in Resources */,
				3DAFB0D328DDF7FB00AFA60C /* Main.storyboard in Resources */,
			);
			runOnlyForDeploymentPostprocessing = 0;
		};
		3DAFB0DC28DDF80400AFA60C /* Resources */ = {
			isa = PBXResourcesBuildPhase;
			buildActionMask = 2147483647;
			files = (
			);
			runOnlyForDeploymentPostprocessing = 0;
		};
		3DAFB0E728DDF80400AFA60C /* Resources */ = {
			isa = PBXResourcesBuildPhase;
			buildActionMask = 2147483647;
			files = (
			);
			runOnlyForDeploymentPostprocessing = 0;
		};
/* End PBXResourcesBuildPhase section */

/* Begin PBXSourcesBuildPhase section */
		3DAFB0C428DDF7FB00AFA60C /* Sources */ = {
			isa = PBXSourcesBuildPhase;
			buildActionMask = 2147483647;
			files = (
				3DAFB0FC28DDFAF700AFA60C /* Pelicula.swift in Sources */,
				3DC49C8128E4998200E466E3 /* CeldaPersonajesController.swift in Sources */,
				3DAFB0D028DDF7FB00AFA60C /* PeliculasController.swift in Sources */,
				3D10655828E1FD3C00A81EDA /* DetallesPeliculaController.swift in Sources */,
				3DAFB0CC28DDF7FB00AFA60C /* AppDelegate.swift in Sources */,
				3DAFB0CE28DDF7FB00AFA60C /* SceneDelegate.swift in Sources */,
				3D10655628E1EDB700A81EDA /* CeldaPeliculaController.swift in Sources */,
				3DC49C7E28E4985100E466E3 /* Personaje.swift in Sources */,
			);
			runOnlyForDeploymentPostprocessing = 0;
		};
		3DAFB0DA28DDF80400AFA60C /* Sources */ = {
			isa = PBXSourcesBuildPhase;
			buildActionMask = 2147483647;
			files = (
				3DAFB0E328DDF80400AFA60C /* table_viewTests.swift in Sources */,
			);
			runOnlyForDeploymentPostprocessing = 0;
		};
		3DAFB0E528DDF80400AFA60C /* Sources */ = {
			isa = PBXSourcesBuildPhase;
			buildActionMask = 2147483647;
			files = (
				3DAFB0EE28DDF80400AFA60C /* table_viewUITests.swift in Sources */,
			);
			runOnlyForDeploymentPostprocessing = 0;
		};
/* End PBXSourcesBuildPhase section */

/* Begin PBXTargetDependency section */
		3DAFB0E028DDF80400AFA60C /* PBXTargetDependency */ = {
			isa = PBXTargetDependency;
			target = 3DAFB0C728DDF7FB00AFA60C /* table view */;
			targetProxy = 3DAFB0DF28DDF80400AFA60C /* PBXContainerItemProxy */;
		};
		3DAFB0EB28DDF80400AFA60C /* PBXTargetDependency */ = {
			isa = PBXTargetDependency;
			target = 3DAFB0C728DDF7FB00AFA60C /* table view */;
			targetProxy = 3DAFB0EA28DDF80400AFA60C /* PBXContainerItemProxy */;
		};
/* End PBXTargetDependency section */

/* Begin PBXVariantGroup section */
		3DAFB0D128DDF7FB00AFA60C /* Main.storyboard */ = {
			isa = PBXVariantGroup;
			children = (
				3DAFB0D228DDF7FB00AFA60C /* Base */,
			);
			name = Main.storyboard;
			sourceTree = "<group>";
		};
		3DAFB0D628DDF80400AFA60C /* LaunchScreen.storyboard */ = {
			isa = PBXVariantGroup;
			children = (
				3DAFB0D728DDF80400AFA60C /* Base */,
			);
			name = LaunchScreen.storyboard;
			sourceTree = "<group>";
		};
/* End PBXVariantGroup section */

/* Begin XCBuildConfiguration section */
		3DAFB0F028DDF80400AFA60C /* Debug */ = {
			isa = XCBuildConfiguration;
			buildSettings = {
				ALWAYS_SEARCH_USER_PATHS = NO;
				CLANG_ANALYZER_NONNULL = YES;
				CLANG_ANALYZER_NUMBER_OBJECT_CONVERSION = YES_AGGRESSIVE;
				CLANG_CXX_LANGUAGE_STANDARD = "gnu++14";
				CLANG_CXX_LIBRARY = "libc++";
				CLANG_ENABLE_MODULES = YES;
				CLANG_ENABLE_OBJC_ARC = YES;
				CLANG_ENABLE_OBJC_WEAK = YES;
				CLANG_WARN_BLOCK_CAPTURE_AUTORELEASING = YES;
				CLANG_WARN_BOOL_CONVERSION = YES;
				CLANG_WARN_COMMA = YES;
				CLANG_WARN_CONSTANT_CONVERSION = YES;
				CLANG_WARN_DEPRECATED_OBJC_IMPLEMENTATIONS = YES;
				CLANG_WARN_DIRECT_OBJC_ISA_USAGE = YES_ERROR;
				CLANG_WARN_DOCUMENTATION_COMMENTS = YES;
				CLANG_WARN_EMPTY_BODY = YES;
				CLANG_WARN_ENUM_CONVERSION = YES;
				CLANG_WARN_INFINITE_RECURSION = YES;
				CLANG_WARN_INT_CONVERSION = YES;
				CLANG_WARN_NON_LITERAL_NULL_CONVERSION = YES;
				CLANG_WARN_OBJC_IMPLICIT_RETAIN_SELF = YES;
				CLANG_WARN_OBJC_LITERAL_CONVERSION = YES;
				CLANG_WARN_OBJC_ROOT_CLASS = YES_ERROR;
				CLANG_WARN_RANGE_LOOP_ANALYSIS = YES;
				CLANG_WARN_STRICT_PROTOTYPES = YES;
				CLANG_WARN_SUSPICIOUS_MOVE = YES;
				CLANG_WARN_UNGUARDED_AVAILABILITY = YES_AGGRESSIVE;
				CLANG_WARN_UNREACHABLE_CODE = YES;
				CLANG_WARN__DUPLICATE_METHOD_MATCH = YES;
				COPY_PHASE_STRIP = NO;
				DEBUG_INFORMATION_FORMAT = dwarf;
				ENABLE_STRICT_OBJC_MSGSEND = YES;
				ENABLE_TESTABILITY = YES;
				GCC_C_LANGUAGE_STANDARD = gnu11;
				GCC_DYNAMIC_NO_PIC = NO;
				GCC_NO_COMMON_BLOCKS = YES;
				GCC_OPTIMIZATION_LEVEL = 0;
				GCC_PREPROCESSOR_DEFINITIONS = (
					"DEBUG=1",
					"$(inherited)",
				);
				GCC_WARN_64_TO_32_BIT_CONVERSION = YES;
				GCC_WARN_ABOUT_RETURN_TYPE = YES_ERROR;
				GCC_WARN_UNDECLARED_SELECTOR = YES;
				GCC_WARN_UNINITIALIZED_AUTOS = YES_AGGRESSIVE;
				GCC_WARN_UNUSED_FUNCTION = YES;
				GCC_WARN_UNUSED_VARIABLE = YES;
				IPHONEOS_DEPLOYMENT_TARGET = 13.2;
				MTL_ENABLE_DEBUG_INFO = INCLUDE_SOURCE;
				MTL_FAST_MATH = YES;
				ONLY_ACTIVE_ARCH = YES;
				SDKROOT = iphoneos;
				SWIFT_ACTIVE_COMPILATION_CONDITIONS = DEBUG;
				SWIFT_OPTIMIZATION_LEVEL = "-Onone";
			};
			name = Debug;
		};
		3DAFB0F128DDF80400AFA60C /* Release */ = {
			isa = XCBuildConfiguration;
			buildSettings = {
				ALWAYS_SEARCH_USER_PATHS = NO;
				CLANG_ANALYZER_NONNULL = YES;
				CLANG_ANALYZER_NUMBER_OBJECT_CONVERSION = YES_AGGRESSIVE;
				CLANG_CXX_LANGUAGE_STANDARD = "gnu++14";
				CLANG_CXX_LIBRARY = "libc++";
				CLANG_ENABLE_MODULES = YES;
				CLANG_ENABLE_OBJC_ARC = YES;
				CLANG_ENABLE_OBJC_WEAK = YES;
				CLANG_WARN_BLOCK_CAPTURE_AUTORELEASING = YES;
				CLANG_WARN_BOOL_CONVERSION = YES;
				CLANG_WARN_COMMA = YES;
				CLANG_WARN_CONSTANT_CONVERSION = YES;
				CLANG_WARN_DEPRECATED_OBJC_IMPLEMENTATIONS = YES;
				CLANG_WARN_DIRECT_OBJC_ISA_USAGE = YES_ERROR;
				CLANG_WARN_DOCUMENTATION_COMMENTS = YES;
				CLANG_WARN_EMPTY_BODY = YES;
				CLANG_WARN_ENUM_CONVERSION = YES;
				CLANG_WARN_INFINITE_RECURSION = YES;
				CLANG_WARN_INT_CONVERSION = YES;
				CLANG_WARN_NON_LITERAL_NULL_CONVERSION = YES;
				CLANG_WARN_OBJC_IMPLICIT_RETAIN_SELF = YES;
				CLANG_WARN_OBJC_LITERAL_CONVERSION = YES;
				CLANG_WARN_OBJC_ROOT_CLASS = YES_ERROR;
				CLANG_WARN_RANGE_LOOP_ANALYSIS = YES;
				CLANG_WARN_STRICT_PROTOTYPES = YES;
				CLANG_WARN_SUSPICIOUS_MOVE = YES;
				CLANG_WARN_UNGUARDED_AVAILABILITY = YES_AGGRESSIVE;
				CLANG_WARN_UNREACHABLE_CODE = YES;
				CLANG_WARN__DUPLICATE_METHOD_MATCH = YES;
				COPY_PHASE_STRIP = NO;
				DEBUG_INFORMATION_FORMAT = "dwarf-with-dsym";
				ENABLE_NS_ASSERTIONS = NO;
				ENABLE_STRICT_OBJC_MSGSEND = YES;
				GCC_C_LANGUAGE_STANDARD = gnu11;
				GCC_NO_COMMON_BLOCKS = YES;
				GCC_WARN_64_TO_32_BIT_CONVERSION = YES;
				GCC_WARN_ABOUT_RETURN_TYPE = YES_ERROR;
				GCC_WARN_UNDECLARED_SELECTOR = YES;
				GCC_WARN_UNINITIALIZED_AUTOS = YES_AGGRESSIVE;
				GCC_WARN_UNUSED_FUNCTION = YES;
				GCC_WARN_UNUSED_VARIABLE = YES;
				IPHONEOS_DEPLOYMENT_TARGET = 13.2;
				MTL_ENABLE_DEBUG_INFO = NO;
				MTL_FAST_MATH = YES;
				SDKROOT = iphoneos;
				SWIFT_COMPILATION_MODE = wholemodule;
				SWIFT_OPTIMIZATION_LEVEL = "-O";
				VALIDATE_PRODUCT = YES;
			};
			name = Release;
		};
		3DAFB0F328DDF80400AFA60C /* Debug */ = {
			isa = XCBuildConfiguration;
			buildSettings = {
				ASSETCATALOG_COMPILER_APPICON_NAME = AppIcon;
				CODE_SIGN_STYLE = Automatic;
				INFOPLIST_FILE = "table view/Info.plist";
				LD_RUNPATH_SEARCH_PATHS = (
					"$(inherited)",
					"@executable_path/Frameworks",
				);
				PRODUCT_BUNDLE_IDENTIFIER = "edu.ulsa.table-view";
				PRODUCT_NAME = "$(TARGET_NAME)";
				SWIFT_VERSION = 5.0;
				TARGETED_DEVICE_FAMILY = "1,2";
			};
			name = Debug;
		};
		3DAFB0F428DDF80400AFA60C /* Release */ = {
			isa = XCBuildConfiguration;
			buildSettings = {
				ASSETCATALOG_COMPILER_APPICON_NAME = AppIcon;
				CODE_SIGN_STYLE = Automatic;
				INFOPLIST_FILE = "table view/Info.plist";
				LD_RUNPATH_SEARCH_PATHS = (
					"$(inherited)",
					"@executable_path/Frameworks",
				);
				PRODUCT_BUNDLE_IDENTIFIER = "edu.ulsa.table-view";
				PRODUCT_NAME = "$(TARGET_NAME)";
				SWIFT_VERSION = 5.0;
				TARGETED_DEVICE_FAMILY = "1,2";
			};
			name = Release;
		};
		3DAFB0F628DDF80400AFA60C /* Debug */ = {
			isa = XCBuildConfiguration;
			buildSettings = {
				ALWAYS_EMBED_SWIFT_STANDARD_LIBRARIES = YES;
				BUNDLE_LOADER = "$(TEST_HOST)";
				CODE_SIGN_STYLE = Automatic;
				INFOPLIST_FILE = "table viewTests/Info.plist";
				IPHONEOS_DEPLOYMENT_TARGET = 13.2;
				LD_RUNPATH_SEARCH_PATHS = (
					"$(inherited)",
					"@executable_path/Frameworks",
					"@loader_path/Frameworks",
				);
				PRODUCT_BUNDLE_IDENTIFIER = "edu.ulsa.table-viewTests";
				PRODUCT_NAME = "$(TARGET_NAME)";
				SWIFT_VERSION = 5.0;
				TARGETED_DEVICE_FAMILY = "1,2";
				TEST_HOST = "$(BUILT_PRODUCTS_DIR)/table view.app/table view";
			};
			name = Debug;
		};
		3DAFB0F728DDF80400AFA60C /* Release */ = {
			isa = XCBuildConfiguration;
			buildSettings = {
				ALWAYS_EMBED_SWIFT_STANDARD_LIBRARIES = YES;
				BUNDLE_LOADER = "$(TEST_HOST)";
				CODE_SIGN_STYLE = Automatic;
				INFOPLIST_FILE = "table viewTests/Info.plist";
				IPHONEOS_DEPLOYMENT_TARGET = 13.2;
				LD_RUNPATH_SEARCH_PATHS = (
					"$(inherited)",
					"@executable_path/Frameworks",
					"@loader_path/Frameworks",
				);
				PRODUCT_BUNDLE_IDENTIFIER = "edu.ulsa.table-viewTests";
				PRODUCT_NAME = "$(TARGET_NAME)";
				SWIFT_VERSION = 5.0;
				TARGETED_DEVICE_FAMILY = "1,2";
				TEST_HOST = "$(BUILT_PRODUCTS_DIR)/table view.app/table view";
			};
			name = Release;
		};
		3DAFB0F928DDF80400AFA60C /* Debug */ = {
			isa = XCBuildConfiguration;
			buildSettings = {
				ALWAYS_EMBED_SWIFT_STANDARD_LIBRARIES = YES;
				CODE_SIGN_STYLE = Automatic;
				INFOPLIST_FILE = "table viewUITests/Info.plist";
				LD_RUNPATH_SEARCH_PATHS = (
					"$(inherited)",
					"@executable_path/Frameworks",
					"@loader_path/Frameworks",
				);
				PRODUCT_BUNDLE_IDENTIFIER = "edu.ulsa.table-viewUITests";
				PRODUCT_NAME = "$(TARGET_NAME)";
				SWIFT_VERSION = 5.0;
				TARGETED_DEVICE_FAMILY = "1,2";
				TEST_TARGET_NAME = "table view";
			};
			name = Debug;
		};
		3DAFB0FA28DDF80400AFA60C /* Release */ = {
			isa = XCBuildConfiguration;
			buildSettings = {
				ALWAYS_EMBED_SWIFT_STANDARD_LIBRARIES = YES;
				CODE_SIGN_STYLE = Automatic;
				INFOPLIST_FILE = "table viewUITests/Info.plist";
				LD_RUNPATH_SEARCH_PATHS = (
					"$(inherited)",
					"@executable_path/Frameworks",
					"@loader_path/Frameworks",
				);
				PRODUCT_BUNDLE_IDENTIFIER = "edu.ulsa.table-viewUITests";
				PRODUCT_NAME = "$(TARGET_NAME)";
				SWIFT_VERSION = 5.0;
				TARGETED_DEVICE_FAMILY = "1,2";
				TEST_TARGET_NAME = "table view";
			};
			name = Release;
		};
/* End XCBuildConfiguration section */

/* Begin XCConfigurationList section */
		3DAFB0C328DDF7FB00AFA60C /* Build configuration list for PBXProject "table view" */ = {
			isa = XCConfigurationList;
			buildConfigurations = (
				3DAFB0F028DDF80400AFA60C /* Debug */,
				3DAFB0F128DDF80400AFA60C /* Release */,
			);
			defaultConfigurationIsVisible = 0;
			defaultConfigurationName = Release;
		};
		3DAFB0F228DDF80400AFA60C /* Build configuration list for PBXNativeTarget "table view" */ = {
			isa = XCConfigurationList;
			buildConfigurations = (
				3DAFB0F328DDF80400AFA60C /* Debug */,
				3DAFB0F428DDF80400AFA60C /* Release */,
			);
			defaultConfigurationIsVisible = 0;
			defaultConfigurationName = Release;
		};
		3DAFB0F528DDF80400AFA60C /* Build configuration list for PBXNativeTarget "table viewTests" */ = {
			isa = XCConfigurationList;
			buildConfigurations = (
				3DAFB0F628DDF80400AFA60C /* Debug */,
				3DAFB0F728DDF80400AFA60C /* Release */,
			);
			defaultConfigurationIsVisible = 0;
			defaultConfigurationName = Release;
		};
		3DAFB0F828DDF80400AFA60C /* Build configuration list for PBXNativeTarget "table viewUITests" */ = {
			isa = XCConfigurationList;
			buildConfigurations = (
				3DAFB0F928DDF80400AFA60C /* Debug */,
				3DAFB0FA28DDF80400AFA60C /* Release */,
			);
			defaultConfigurationIsVisible = 0;
			defaultConfigurationName = Release;
		};
/* End XCConfigurationList section */
	};
	rootObject = 3DAFB0C028DDF7FB00AFA60C /* Project object */;
}
